Microsoft Visual Studio Solution File, Format Version 11.00
# Visual Studio 2017

Project("{8BC9CEB8-8B4A-11D0-8D11-00A0C91BC942}") = "juce-beam - Standalone Plugin", "juce-beam_StandalonePlugin.vcxproj", "{F68BA528-83FC-72E3-31B8-198927C35B7A}"
	ProjectSection(ProjectDependencies) = postProject
		{D30F8A9D-06FE-9404-4EB0-28D9AD0F5981} = {D30F8A9D-06FE-9404-4EB0-28D9AD0F5981}
	EndProjectSection
EndProject
Project("{8BC9CEB8-8B4A-11D0-8D11-00A0C91BC942}") = "juce-beam - VST3", "juce-beam_VST3.vcxproj", "{6ECB43CE-D61A-8603-6417-976974DCA355}"
	ProjectSection(ProjectDependencies) = postProject
		{D30F8A9D-06FE-9404-4EB0-28D9AD0F5981} = {D30F8A9D-06FE-9404-4EB0-28D9AD0F5981}
	EndProjectSection
EndProject
Project("{8BC9CEB8-8B4A-11D0-8D11-00A0C91BC942}") = "juce-beam - Shared Code", "juce-beam_SharedCode.vcxproj", "{D30F8A9D-06FE-9404-4EB0-28D9AD0F5981}"
EndProject
Global
	GlobalSection(SolutionConfigurationPlatforms) = preSolution
		Debug|x64 = Debug|x64
		Release|x64 = Release|x64
	EndGlobalSection
	GlobalSection(ProjectConfigurationPlatforms) = postSolution
		{6ECB43CE-D61A-8603-6417-976974DCA355}.Debug|x64.ActiveCfg = Debug|x64
		{6ECB43CE-D61A-8603-6417-976974DCA355}.Debug|x64.Build.0 = Debug|x64
		{6ECB43CE-D61A-8603-6417-976974DCA355}.Release|x64.ActiveCfg = Release|x64
		{6ECB43CE-D61A-8603-6417-976974DCA355}.Release|x64.Build.0 = Release|x64
		{F68BA528-83FC-72E3-31B8-198927C35B7A}.Debug|x64.ActiveCfg = Debug|x64
		{F68BA528-83FC-72E3-31B8-198927C35B7A}.Debug|x64.Build.0 = Debug|x64
		{F68BA528-83FC-72E3-31B8-198927C35B7A}.Release|x64.ActiveCfg = Release|x64
		{F68BA528-83FC-72E3-31B8-198927C35B7A}.Release|x64.Build.0 = Release|x64
		{D30F8A9D-06FE-9404-4EB0-28D9AD0F5981}.Debug|x64.ActiveCfg = Debug|x64
		{D30F8A9D-06FE-9404-4EB0-28D9AD0F5981}.Debug|x64.Build.0 = Debug|x64
		{D30F8A9D-06FE-9404-4EB0-28D9AD0F5981}.Release|x64.ActiveCfg = Release|x64
		{D30F8A9D-06FE-9404-4EB0-28D9AD0F5981}.Release|x64.Build.0 = Release|x64
	EndGlobalSection
	GlobalSection(SolutionProperties) = preSolution
		HideSolutionNode = FALSE
	EndGlobalSection
EndGlobal
